// !$*UTF8*$!
{
	archiveVersion = 1;
	classes = {
	};
	objectVersion = 77;
	objects = {

/* Begin PBXBuildFile section */
		06412259452CCFBF300F2D4B /* SmartTubeIOS in Frameworks */ = {isa = PBXBuildFile; productRef = B8401470D9A590E7F3685830 /* SmartTubeIOS */; };
		494A17316084B602873D7C05 /* Assets.xcassets in Resources */ = {isa = PBXBuildFile; fileRef = AE55B486AFD7F51FEF1874FF /* Assets.xcassets */; };
		673C1D012F7F20340021583B /* Launch Screen.storyboard in Resources */ = {isa = PBXBuildFile; fileRef = 673C1D002F7F20340021583B /* Launch Screen.storyboard */; };
		B0C1D2E3F4A5B6C7D8E9F0A1 /* ShortsNavigationUITests.swift in Sources */ = {isa = PBXBuildFile; fileRef = A9B0C1D2E3F4A5B6C7D8E9F0 /* ShortsNavigationUITests.swift */; };
		C1D2E3F4A5B6C7D8E9F0A1B2 /* PlayerNavigationUITests.swift in Sources */ = {isa = PBXBuildFile; fileRef = B2C3D4E5F6A7B8C9D0E1F2A3 /* PlayerNavigationUITests.swift */; };
		D222FD43501FE20610A249CC /* PlaylistsNavigationUITests.swift in Sources */ = {isa = PBXBuildFile; fileRef = 43AC502830145DD05002B5A2 /* PlaylistsNavigationUITests.swift */; };
		DD2551477B9F9B6D89AE6FCB /* AppEntry.swift in Sources */ = {isa = PBXBuildFile; fileRef = 29356C9641042E3DA5F16175 /* AppEntry.swift */; };
/* End PBXBuildFile section */

/* Begin PBXContainerItemProxy section */
		5B9FD798A2B61FB0B894387A /* PBXContainerItemProxy */ = {
			isa = PBXContainerItemProxy;
			containerPortal = CF958B49C3E80CFAE3F092E3 /* Project object */;
			proxyType = 1;
			remoteGlobalIDString = 5A4C56D3A7C36BE68C3C3CE0;
			remoteInfo = SmartTube;
		};
/* End PBXContainerItemProxy section */

/* Begin PBXFileReference section */
		29356C9641042E3DA5F16175 /* AppEntry.swift */ = {isa = PBXFileReference; lastKnownFileType = sourcecode.swift; path = AppEntry.swift; sourceTree = "<group>"; };
		43AC502830145DD05002B5A2 /* PlaylistsNavigationUITests.swift */ = {isa = PBXFileReference; lastKnownFileType = sourcecode.swift; path = PlaylistsNavigationUITests.swift; sourceTree = "<group>"; };
		673C1D002F7F20340021583B /* Launch Screen.storyboard */ = {isa = PBXFileReference; lastKnownFileType = file.storyboard; path = "Launch Screen.storyboard"; sourceTree = "<group>"; };
		6ACA5CEA633CF065619F786C /* SmartTube.app */ = {isa = PBXFileReference; explicitFileType = wrapper.application; includeInIndex = 0; path = SmartTube.app; sourceTree = BUILT_PRODUCTS_DIR; };
		A9B0C1D2E3F4A5B6C7D8E9F0 /* ShortsNavigationUITests.swift */ = {isa = PBXFileReference; lastKnownFileType = sourcecode.swift; path = ShortsNavigationUITests.swift; sourceTree = "<group>"; };
		AE55B486AFD7F51FEF1874FF /* Assets.xcassets */ = {isa = PBXFileReference; lastKnownFileType = folder.assetcatalog; path = Assets.xcassets; sourceTree = "<group>"; };
		B2C3D4E5F6A7B8C9D0E1F2A3 /* PlayerNavigationUITests.swift */ = {isa = PBXFileReference; lastKnownFileType = sourcecode.swift; path = PlayerNavigationUITests.swift; sourceTree = "<group>"; };
		B7482B081D440A26079AA9BC /* SmartTubeIOS */ = {isa = PBXFileReference; lastKnownFileType = folder; name = SmartTubeIOS; path = ../SmartTubeIOS; sourceTree = SOURCE_ROOT; };
		DA3810E40296738F4C5E0B95 /* SmartTubeUITests.xctest */ = {isa = PBXFileReference; explicitFileType = wrapper.cfbundle; includeInIndex = 0; path = SmartTubeUITests.xctest; sourceTree = BUILT_PRODUCTS_DIR; };
/* End PBXFileReference section */

/* Begin PBXFrameworksBuildPhase section */
		2BAA25ED5DBB8F5241B0AA13 /* Frameworks */ = {
			isa = PBXFrameworksBuildPhase;
			buildActionMask = 2147483647;
			files = (
				06412259452CCFBF300F2D4B /* SmartTubeIOS in Frameworks */,
			);
			runOnlyForDeploymentPostprocessing = 0;
		};
/* End PBXFrameworksBuildPhase section */

/* Begin PBXGroup section */
		10B1F40F599FC1A0781AF6D9 = {
			isa = PBXGroup;
			children = (
				D1E07E1C2FBB3A95D6BDC0EF /* Packages */,
				32582044D5D706C4EC49DA00 /* SmartTubeApp */,
				9084B7F6DD70E282DD4342A7 /* Sources */,
				30B4BA37D4FD93516937E9D9 /* UITests */,
				5EF0B6AF2643BF476B25C7C0 /* Products */,
			);
			sourceTree = "<group>";
		};
		30B4BA37D4FD93516937E9D9 /* UITests */ = {
			isa = PBXGroup;
			children = (
				43AC502830145DD05002B5A2 /* PlaylistsNavigationUITests.swift */,
				A9B0C1D2E3F4A5B6C7D8E9F0 /* ShortsNavigationUITests.swift */,
				B2C3D4E5F6A7B8C9D0E1F2A3 /* PlayerNavigationUITests.swift */,
			);
			path = UITests;
			sourceTree = "<group>";
		};
		32582044D5D706C4EC49DA00 /* SmartTubeApp */ = {
			isa = PBXGroup;
			children = (
				AE55B486AFD7F51FEF1874FF /* Assets.xcassets */,
				673C1D002F7F20340021583B /* Launch Screen.storyboard */,
			);
			path = SmartTubeApp;
			sourceTree = "<group>";
		};
		5EF0B6AF2643BF476B25C7C0 /* Products */ = {
			isa = PBXGroup;
			children = (
				6ACA5CEA633CF065619F786C /* SmartTube.app */,
				DA3810E40296738F4C5E0B95 /* SmartTubeUITests.xctest */,
			);
			name = Products;
			sourceTree = "<group>";
		};
		9084B7F6DD70E282DD4342A7 /* Sources */ = {
			isa = PBXGroup;
			children = (
				29356C9641042E3DA5F16175 /* AppEntry.swift */,
			);
			path = Sources;
			sourceTree = "<group>";
		};
		D1E07E1C2FBB3A95D6BDC0EF /* Packages */ = {
			isa = PBXGroup;
			children = (
				B7482B081D440A26079AA9BC /* SmartTubeIOS */,
			);
			name = Packages;
			sourceTree = "<group>";
		};
/* End PBXGroup section */

/* Begin PBXNativeTarget section */
		38EEA5DF9BAA36788D776AB0 /* SmartTubeUITests */ = {
			isa = PBXNativeTarget;
			buildConfigurationList = AEAB87BD362E4200A8AED20B /* Build configuration list for PBXNativeTarget "SmartTubeUITests" */;
			buildPhases = (
				B3C0A889127D7404950A6815 /* Sources */,
			);
			buildRules = (
			);
			dependencies = (
				E375F1AE8C8F1602CC3963FA /* PBXTargetDependency */,
			);
			name = SmartTubeUITests;
			packageProductDependencies = (
			);
			productName = SmartTubeUITests;
			productReference = DA3810E40296738F4C5E0B95 /* SmartTubeUITests.xctest */;
			productType = "com.apple.product-type.bundle.ui-testing";
		};
		5A4C56D3A7C36BE68C3C3CE0 /* SmartTube */ = {
			isa = PBXNativeTarget;
			buildConfigurationList = A25E75A9105B7E731FA11D5F /* Build configuration list for PBXNativeTarget "SmartTube" */;
			buildPhases = (
				BB7C0F594F9F78E351469840 /* Sources */,
				1BB79844535C5D78AAD554A6 /* Resources */,
				2BAA25ED5DBB8F5241B0AA13 /* Frameworks */,
			);
			buildRules = (
			);
			dependencies = (
			);
			name = SmartTube;
			packageProductDependencies = (
				B8401470D9A590E7F3685830 /* SmartTubeIOS */,
			);
			productName = SmartTube;
			productReference = 6ACA5CEA633CF065619F786C /* SmartTube.app */;
			productType = "com.apple.product-type.application";
		};
/* End PBXNativeTarget section */

/* Begin PBXProject section */
		CF958B49C3E80CFAE3F092E3 /* Project object */ = {
			isa = PBXProject;
			attributes = {
				BuildIndependentTargetsInParallel = YES;
				LastUpgradeCheck = 1600;
				TargetAttributes = {
					38EEA5DF9BAA36788D776AB0 = {
						TestTargetID = 5A4C56D3A7C36BE68C3C3CE0;
					};
					5A4C56D3A7C36BE68C3C3CE0 = {
						ProvisioningStyle = Automatic;
					};
				};
			};
			buildConfigurationList = 0B664A7C4FCE77DC38FBE17B /* Build configuration list for PBXProject "SmartTubeApp" */;
			developmentRegion = en;
			hasScannedForEncodings = 0;
			knownRegions = (
				Base,
				en,
			);
			mainGroup = 10B1F40F599FC1A0781AF6D9;
			minimizedProjectReferenceProxies = 1;
			packageReferences = (
				644EA6428F48EF6B886E4B58 /* XCLocalSwiftPackageReference "../SmartTubeIOS" */,
			);
			preferredProjectObjectVersion = 77;
			productRefGroup = 5EF0B6AF2643BF476B25C7C0 /* Products */;
			projectDirPath = "";
			projectRoot = "";
			targets = (
				5A4C56D3A7C36BE68C3C3CE0 /* SmartTube */,
				38EEA5DF9BAA36788D776AB0 /* SmartTubeUITests */,
			);
		};
/* End PBXProject section */

/* Begin PBXResourcesBuildPhase section */
		1BB79844535C5D78AAD554A6 /* Resources */ = {
			isa = PBXResourcesBuildPhase;
			buildActionMask = 2147483647;
			files = (
				673C1D012F7F20340021583B /* Launch Screen.storyboard in Resources */,
				494A17316084B602873D7C05 /* Assets.xcassets in Resources */,
			);
			runOnlyForDeploymentPostprocessing = 0;
		};
/* End PBXResourcesBuildPhase section */

/* Begin PBXSourcesBuildPhase section */
		B3C0A889127D7404950A6815 /* Sources */ = {
			isa = PBXSourcesBuildPhase;
			buildActionMask = 2147483647;
			files = (
				D222FD43501FE20610A249CC /* PlaylistsNavigationUITests.swift in Sources */,
				B0C1D2E3F4A5B6C7D8E9F0A1 /* ShortsNavigationUITests.swift in Sources */,
				C1D2E3F4A5B6C7D8E9F0A1B2 /* PlayerNavigationUITests.swift in Sources */,
			);
			runOnlyForDeploymentPostprocessing = 0;
		};
		BB7C0F594F9F78E351469840 /* Sources */ = {
			isa = PBXSourcesBuildPhase;
			buildActionMask = 2147483647;
			files = (
				DD2551477B9F9B6D89AE6FCB /* AppEntry.swift in Sources */,
			);
			runOnlyForDeploymentPostprocessing = 0;
		};
/* End PBXSourcesBuildPhase section */

/* Begin PBXTargetDependency section */
		E375F1AE8C8F1602CC3963FA /* PBXTargetDependency */ = {
			isa = PBXTargetDependency;
			target = 5A4C56D3A7C36BE68C3C3CE0 /* SmartTube */;
			targetProxy = 5B9FD798A2B61FB0B894387A /* PBXContainerItemProxy */;
		};
/* End PBXTargetDependency section */

/* Begin XCBuildConfiguration section */
		0451DED328B2EF41079875ED /* Debug */ = {
			isa = XCBuildConfiguration;
			buildSettings = {
				ASSETCATALOG_COMPILER_APPICON_NAME = AppIcon;
				ASSETCATALOG_COMPILER_INCLUDE_ALL_APPICON_ASSETS = NO;
				CODE_SIGN_IDENTITY = "iPhone Developer";
				CODE_SIGN_STYLE = Automatic;
				COMBINE_HIDPI_IMAGES = YES;
				CURRENT_PROJECT_VERSION = 9;
				DEVELOPMENT_TEAM = 5A4JA438MW;
				ENABLE_PREVIEWS = YES;
				INFOPLIST_FILE = SmartTubeApp/Info.plist;
				INFOPLIST_KEY_CFBundleDisplayName = "Smart Tube";
				INFOPLIST_KEY_LSApplicationCategoryType = "public.app-category.entertainment";
				IPHONEOS_DEPLOYMENT_TARGET = 17.0;
				LAUNCH_STORYBOARD_NAME = "Launch Screen";
				LD_RUNPATH_SEARCH_PATHS = (
					"$(inherited)",
					"@executable_path/Frameworks",
				);
				MACOSX_DEPLOYMENT_TARGET = 14.0;
				MARKETING_VERSION = 1.0;
				PRODUCT_BUNDLE_IDENTIFIER = com.void.smarttube.app;
				PRODUCT_NAME = SmartTube;
				SDKROOT = auto;
				SUPPORTED_PLATFORMS = "iphoneos iphonesimulator macosx";
				SUPPORTS_MACCATALYST = NO;
				SUPPORTS_MAC_DESIGNED_FOR_IPHONE_IPAD = NO;
				SUPPORTS_XR_DESIGNED_FOR_IPHONE_IPAD = NO;
				SWIFT_VERSION = 5.9;
				TARGETED_DEVICE_FAMILY = "1,2";
			};
			name = Debug;
		};
		4AF41A3BD9270B2E62E2D1FD /* Debug */ = {
			isa = XCBuildConfiguration;
			buildSettings = {
				ALWAYS_SEARCH_USER_PATHS = NO;
				CLANG_ANALYZER_NONNULL = YES;
				CLANG_ANALYZER_NUMBER_OBJECT_CONVERSION = YES_AGGRESSIVE;
				CLANG_CXX_LANGUAGE_STANDARD = "gnu++14";
				CLANG_CXX_LIBRARY = "libc++";
				CLANG_ENABLE_MODULES = YES;
				CLANG_ENABLE_OBJC_ARC = YES;
				CLANG_ENABLE_OBJC_WEAK = YES;
				CLANG_WARN_BLOCK_CAPTURE_AUTORELEASING = YES;
				CLANG_WARN_BOOL_CONVERSION = YES;
				CLANG_WARN_COMMA = YES;
				CLANG_WARN_CONSTANT_CONVERSION = YES;
				CLANG_WARN_DEPRECATED_OBJC_IMPLEMENTATIONS = YES;
				CLANG_WARN_DIRECT_OBJC_ISA_USAGE = YES_ERROR;
				CLANG_WARN_DOCUMENTATION_COMMENTS = YES;
				CLANG_WARN_EMPTY_BODY = YES;
				CLANG_WARN_ENUM_CONVERSION = YES;
				CLANG_WARN_INFINITE_RECURSION = YES;
				CLANG_WARN_INT_CONVERSION = YES;
				CLANG_WARN_NON_LITERAL_NULL_CONVERSION = YES;
				CLANG_WARN_OBJC_IMPLICIT_RETAIN_SELF = YES;
				CLANG_WARN_OBJC_LITERAL_CONVERSION = YES;
				CLANG_WARN_OBJC_ROOT_CLASS = YES_ERROR;
				CLANG_WARN_QUOTED_INCLUDE_IN_FRAMEWORK_HEADER = YES;
				CLANG_WARN_RANGE_LOOP_ANALYSIS = YES;
				CLANG_WARN_STRICT_PROTOTYPES = YES;
				CLANG_WARN_SUSPICIOUS_MOVE = YES;
				CLANG_WARN_UNGUARDED_AVAILABILITY = YES_AGGRESSIVE;
				CLANG_WARN_UNREACHABLE_CODE = YES;
				CLANG_WARN__DUPLICATE_METHOD_MATCH = YES;
				COPY_PHASE_STRIP = NO;
				DEBUG_INFORMATION_FORMAT = dwarf;
				ENABLE_STRICT_OBJC_MSGSEND = YES;
				ENABLE_TESTABILITY = YES;
				GCC_C_LANGUAGE_STANDARD = gnu11;
				GCC_DYNAMIC_NO_PIC = NO;
				GCC_NO_COMMON_BLOCKS = YES;
				GCC_OPTIMIZATION_LEVEL = 0;
				GCC_PREPROCESSOR_DEFINITIONS = (
					"$(inherited)",
					"DEBUG=1",
				);
				GCC_WARN_64_TO_32_BIT_CONVERSION = YES;
				GCC_WARN_ABOUT_RETURN_TYPE = YES_ERROR;
				GCC_WARN_UNDECLARED_SELECTOR = YES;
				GCC_WARN_UNINITIALIZED_AUTOS = YES_AGGRESSIVE;
				GCC_WARN_UNUSED_FUNCTION = YES;
				GCC_WARN_UNUSED_VARIABLE = YES;
				MTL_ENABLE_DEBUG_INFO = INCLUDE_SOURCE;
				MTL_FAST_MATH = YES;
				ONLY_ACTIVE_ARCH = YES;
				PRODUCT_NAME = "$(TARGET_NAME)";
				SDKROOT = auto;
				SWIFT_ACTIVE_COMPILATION_CONDITIONS = DEBUG;
				SWIFT_OPTIMIZATION_LEVEL = "-Onone";
				SWIFT_VERSION = 5.0;
			};
			name = Debug;
		};
		517A04DB1FAD3B9453134C2F /* Debug */ = {
			isa = XCBuildConfiguration;
			buildSettings = {
				BUNDLE_LOADER = "$(TEST_HOST)";
				CODE_SIGN_IDENTITY = "Apple Development";
				CODE_SIGN_STYLE = Automatic;
				DEVELOPMENT_TEAM = 5A4JA438MW;
				GENERATE_INFOPLIST_FILE = YES;
				IPHONEOS_DEPLOYMENT_TARGET = 17.0;
				LD_RUNPATH_SEARCH_PATHS = (
					"$(inherited)",
					"@executable_path/Frameworks",
					"@loader_path/Frameworks",
				);
				PRODUCT_BUNDLE_IDENTIFIER = com.void.smarttube.app.uitests;
				PROVISIONING_PROFILE_SPECIFIER = "";
				SDKROOT = auto;
				SUPPORTED_PLATFORMS = "iphoneos iphonesimulator";
				SUPPORTS_MACCATALYST = NO;
				SUPPORTS_MAC_DESIGNED_FOR_IPHONE_IPAD = YES;
				SUPPORTS_XR_DESIGNED_FOR_IPHONE_IPAD = YES;
				SWIFT_VERSION = 5.9;
				TARGETED_DEVICE_FAMILY = "1,2";
				TEST_TARGET_NAME = SmartTube;
			};
			name = Debug;
		};
		9EE8D597F302E6F05047F968 /* Release */ = {
			isa = XCBuildConfiguration;
			buildSettings = {
				BUNDLE_LOADER = "$(TEST_HOST)";
				CODE_SIGN_IDENTITY = "Apple Development";
				CODE_SIGN_STYLE = Automatic;
				DEVELOPMENT_TEAM = 5A4JA438MW;
				GENERATE_INFOPLIST_FILE = YES;
				IPHONEOS_DEPLOYMENT_TARGET = 17.0;
				LD_RUNPATH_SEARCH_PATHS = (
					"$(inherited)",
					"@executable_path/Frameworks",
					"@loader_path/Frameworks",
				);
				PRODUCT_BUNDLE_IDENTIFIER = com.void.smarttube.app.uitests;
				PROVISIONING_PROFILE_SPECIFIER = "";
				SDKROOT = auto;
				SUPPORTED_PLATFORMS = "iphoneos iphonesimulator";
				SUPPORTS_MACCATALYST = NO;
				SUPPORTS_MAC_DESIGNED_FOR_IPHONE_IPAD = YES;
				SUPPORTS_XR_DESIGNED_FOR_IPHONE_IPAD = YES;
				SWIFT_VERSION = 5.9;
				TARGETED_DEVICE_FAMILY = "1,2";
				TEST_TARGET_NAME = SmartTube;
			};
			name = Release;
		};
		B114FDA1A112D6CFA1203000 /* Release */ = {
			isa = XCBuildConfiguration;
			buildSettings = {
				ASSETCATALOG_COMPILER_APPICON_NAME = AppIcon;
				ASSETCATALOG_COMPILER_INCLUDE_ALL_APPICON_ASSETS = NO;
				CODE_SIGN_IDENTITY = "iPhone Developer";
				CODE_SIGN_STYLE = Automatic;
				COMBINE_HIDPI_IMAGES = YES;
				CURRENT_PROJECT_VERSION = 9;
				DEVELOPMENT_TEAM = 5A4JA438MW;
				ENABLE_PREVIEWS = YES;
				INFOPLIST_FILE = SmartTubeApp/Info.plist;
				INFOPLIST_KEY_CFBundleDisplayName = "Smart Tube";
				INFOPLIST_KEY_LSApplicationCategoryType = "public.app-category.entertainment";
				IPHONEOS_DEPLOYMENT_TARGET = 17.0;
				LAUNCH_STORYBOARD_NAME = "Launch Screen";
				LD_RUNPATH_SEARCH_PATHS = (
					"$(inherited)",
					"@executable_path/Frameworks",
				);
				MACOSX_DEPLOYMENT_TARGET = 14.0;
				MARKETING_VERSION = 1.0;
				PRODUCT_BUNDLE_IDENTIFIER = com.void.smarttube.app;
				PRODUCT_NAME = SmartTube;
				SDKROOT = auto;
				SUPPORTED_PLATFORMS = "iphoneos iphonesimulator macosx";
				SUPPORTS_MACCATALYST = NO;
				SUPPORTS_MAC_DESIGNED_FOR_IPHONE_IPAD = NO;
				SUPPORTS_XR_DESIGNED_FOR_IPHONE_IPAD = NO;
				SWIFT_VERSION = 5.9;
				TARGETED_DEVICE_FAMILY = "1,2";
			};
			name = Release;
		};
		FF8768BF04D8F26434D2CCCD /* Release */ = {
			isa = XCBuildConfiguration;
			buildSettings = {
				ALWAYS_SEARCH_USER_PATHS = NO;
				CLANG_ANALYZER_NONNULL = YES;
				CLANG_ANALYZER_NUMBER_OBJECT_CONVERSION = YES_AGGRESSIVE;
				CLANG_CXX_LANGUAGE_STANDARD = "gnu++14";
				CLANG_CXX_LIBRARY = "libc++";
				CLANG_ENABLE_MODULES = YES;
				CLANG_ENABLE_OBJC_ARC = YES;
				CLANG_ENABLE_OBJC_WEAK = YES;
				CLANG_WARN_BLOCK_CAPTURE_AUTORELEASING = YES;
				CLANG_WARN_BOOL_CONVERSION = YES;
				CLANG_WARN_COMMA = YES;
				CLANG_WARN_CONSTANT_CONVERSION = YES;
				CLANG_WARN_DEPRECATED_OBJC_IMPLEMENTATIONS = YES;
				CLANG_WARN_DIRECT_OBJC_ISA_USAGE = YES_ERROR;
				CLANG_WARN_DOCUMENTATION_COMMENTS = YES;
				CLANG_WARN_EMPTY_BODY = YES;
				CLANG_WARN_ENUM_CONVERSION = YES;
				CLANG_WARN_INFINITE_RECURSION = YES;
				CLANG_WARN_INT_CONVERSION = YES;
				CLANG_WARN_NON_LITERAL_NULL_CONVERSION = YES;
				CLANG_WARN_OBJC_IMPLICIT_RETAIN_SELF = YES;
				CLANG_WARN_OBJC_LITERAL_CONVERSION = YES;
				CLANG_WARN_OBJC_ROOT_CLASS = YES_ERROR;
				CLANG_WARN_QUOTED_INCLUDE_IN_FRAMEWORK_HEADER = YES;
				CLANG_WARN_RANGE_LOOP_ANALYSIS = YES;
				CLANG_WARN_STRICT_PROTOTYPES = YES;
				CLANG_WARN_SUSPICIOUS_MOVE = YES;
				CLANG_WARN_UNGUARDED_AVAILABILITY = YES_AGGRESSIVE;
				CLANG_WARN_UNREACHABLE_CODE = YES;
				CLANG_WARN__DUPLICATE_METHOD_MATCH = YES;
				COPY_PHASE_STRIP = NO;
				DEBUG_INFORMATION_FORMAT = "dwarf-with-dsym";
				ENABLE_NS_ASSERTIONS = NO;
				ENABLE_STRICT_OBJC_MSGSEND = YES;
				GCC_C_LANGUAGE_STANDARD = gnu11;
				GCC_NO_COMMON_BLOCKS = YES;
				GCC_WARN_64_TO_32_BIT_CONVERSION = YES;
				GCC_WARN_ABOUT_RETURN_TYPE = YES_ERROR;
				GCC_WARN_UNDECLARED_SELECTOR = YES;
				GCC_WARN_UNINITIALIZED_AUTOS = YES_AGGRESSIVE;
				GCC_WARN_UNUSED_FUNCTION = YES;
				GCC_WARN_UNUSED_VARIABLE = YES;
				MTL_ENABLE_DEBUG_INFO = NO;
				MTL_FAST_MATH = YES;
				PRODUCT_NAME = "$(TARGET_NAME)";
				SDKROOT = auto;
				SWIFT_COMPILATION_MODE = wholemodule;
				SWIFT_OPTIMIZATION_LEVEL = "-O";
				SWIFT_VERSION = 5.0;
			};
			name = Release;
		};
/* End XCBuildConfiguration section */

/* Begin XCConfigurationList section */
		0B664A7C4FCE77DC38FBE17B /* Build configuration list for PBXProject "SmartTubeApp" */ = {
			isa = XCConfigurationList;
			buildConfigurations = (
				4AF41A3BD9270B2E62E2D1FD /* Debug */,
				FF8768BF04D8F26434D2CCCD /* Release */,
			);
			defaultConfigurationIsVisible = 0;
			defaultConfigurationName = Debug;
		};
		A25E75A9105B7E731FA11D5F /* Build configuration list for PBXNativeTarget "SmartTube" */ = {
			isa = XCConfigurationList;
			buildConfigurations = (
				0451DED328B2EF41079875ED /* Debug */,
				B114FDA1A112D6CFA1203000 /* Release */,
			);
			defaultConfigurationIsVisible = 0;
			defaultConfigurationName = Debug;
		};
		AEAB87BD362E4200A8AED20B /* Build configuration list for PBXNativeTarget "SmartTubeUITests" */ = {
			isa = XCConfigurationList;
			buildConfigurations = (
				517A04DB1FAD3B9453134C2F /* Debug */,
				9EE8D597F302E6F05047F968 /* Release */,
			);
			defaultConfigurationIsVisible = 0;
			defaultConfigurationName = Debug;
		};
/* End XCConfigurationList section */

/* Begin XCLocalSwiftPackageReference section */
		644EA6428F48EF6B886E4B58 /* XCLocalSwiftPackageReference "../SmartTubeIOS" */ = {
			isa = XCLocalSwiftPackageReference;
			relativePath = ../SmartTubeIOS;
		};
/* End XCLocalSwiftPackageReference section */

/* Begin XCSwiftPackageProductDependency section */
		B8401470D9A590E7F3685830 /* SmartTubeIOS */ = {
			isa = XCSwiftPackageProductDependency;
			productName = SmartTubeIOS;
		};
/* End XCSwiftPackageProductDependency section */
	};
	rootObject = CF958B49C3E80CFAE3F092E3 /* Project object */;
}
